
Microsoft Visual Studio Solution File, Format Version 12.00
# Visual Studio Version 16
VisualStudioVersion = 16.0.30114.105
MinimumVisualStudioVersion = 10.0.40219.1
Project("{9A19103F-16F7-4668-BE54-9A1E7A4F7556}") = "ChartJsTryouts.Web", "src\ChartJsTryouts.Web\ChartJsTryouts.Web.csproj", "{38767ABB-4409-49E0-9641-0AD8FC1BDE8B}"
EndProject
Global
	GlobalSection(SolutionConfigurationPlatforms) = preSolution
		Debug|Any CPU = Debug|Any CPU
		Release|Any CPU = Release|Any CPU
	EndGlobalSection
	GlobalSection(ProjectConfigurationPlatforms) = postSolution
		{38767ABB-4409-49E0-9641-0AD8FC1BDE8B}.Debug|Any CPU.ActiveCfg = Debug|Any CPU
		{38767ABB-4409-49E0-9641-0AD8FC1BDE8B}.Debug|Any CPU.Build.0 = Debug|Any CPU
		{38767ABB-4409-49E0-9641-0AD8FC1BDE8B}.Release|Any CPU.ActiveCfg = Release|Any CPU
		{38767ABB-4409-49E0-9641-0AD8FC1BDE8B}.Release|Any CPU.Build.0 = Release|Any CPU
	EndGlobalSection
	GlobalSection(SolutionProperties) = preSolution
		HideSolutionNode = FALSE
	EndGlobalSection
	GlobalSection(ExtensibilityGlobals) = postSolution
		SolutionGuid = {C3BB48AF-F005-4067-A137-461252C9A51C}
	EndGlobalSection
EndGlobal
